
Microsoft Visual Studio Solution File, Format Version 12.00
# Visual Studio Version 17
VisualStudioVersion = 17.10.34902.84
MinimumVisualStudioVersion = 10.0.40219.1
Project("{FAE04EC0-301F-11D3-BF4B-00C04F79EFBC}") = "ConsoleApp.MiniRestaurantManagementSystem", "ConsoleApp.MiniRestaurantManagementSystem\ConsoleApp.MiniRestaurantManagementSystem.csproj", "{1D97812B-1B8A-4169-AB60-E5A163397E67}"
EndProject
Global
	GlobalSection(SolutionConfigurationPlatforms) = preSolution
		Debug|Any CPU = Debug|Any CPU
		Release|Any CPU = Release|Any CPU
	EndGlobalSection
	GlobalSection(ProjectConfigurationPlatforms) = postSolution
		{1D97812B-1B8A-4169-AB60-E5A163397E67}.Debug|Any CPU.ActiveCfg = Debug|Any CPU
		{1D97812B-1B8A-4169-AB60-E5A163397E67}.Debug|Any CPU.Build.0 = Debug|Any CPU
		{1D97812B-1B8A-4169-AB60-E5A163397E67}.Release|Any CPU.ActiveCfg = Release|Any CPU
		{1D97812B-1B8A-4169-AB60-E5A163397E67}.Release|Any CPU.Build.0 = Release|Any CPU
	EndGlobalSection
	GlobalSection(SolutionProperties) = preSolution
		HideSolutionNode = FALSE
	EndGlobalSection
	GlobalSection(ExtensibilityGlobals) = postSolution
		SolutionGuid = {DC9DE14B-DAAE-4B09-913D-E7AB0EE13F57}
	EndGlobalSection
EndGlobal
